
Microsoft Visual Studio Solution File, Format Version 12.00
# Visual Studio Version 16
VisualStudioVersion = 16.0.29905.134
MinimumVisualStudioVersion = 10.0.40219.1
Project("{9A19103F-16F7-4668-BE54-9A1E7A4F7556}") = "Pomodoro.Core", "Pomodoro.Core\Pomodoro.Core.csproj", "{B1040CF5-B550-4B99-9D42-1765B71CD37C}"
EndProject
Project("{2150E333-8FDC-42A3-9474-1A3956D46DE8}") = "Solution Items", "Solution Items", "{C4681FFC-353C-4393-99ED-ADEE5B406DD1}"
	ProjectSection(SolutionItems) = preProject
		FoldStates.ttinclude = FoldStates.ttinclude
	EndProjectSection
EndProject
Project("{9A19103F-16F7-4668-BE54-9A1E7A4F7556}") = "Pomodoro.Test", "Pomodoro.Test\Pomodoro.Test.csproj", "{39E76152-4319-4DA8-B854-55F77BBB32C4}"
EndProject
Project("{FAE04EC0-301F-11D3-BF4B-00C04F79EFBC}") = "Pomodoro.Console", "Pomodoro.Console\Pomodoro.Console.csproj", "{5610C1DE-03B4-430B-B50A-5F8C5C4158EC}"
EndProject
Global
	GlobalSection(SolutionConfigurationPlatforms) = preSolution
		Debug|Any CPU = Debug|Any CPU
		Release|Any CPU = Release|Any CPU
	EndGlobalSection
	GlobalSection(ProjectConfigurationPlatforms) = postSolution
		{B1040CF5-B550-4B99-9D42-1765B71CD37C}.Debug|Any CPU.ActiveCfg = Debug|Any CPU
		{B1040CF5-B550-4B99-9D42-1765B71CD37C}.Debug|Any CPU.Build.0 = Debug|Any CPU
		{B1040CF5-B550-4B99-9D42-1765B71CD37C}.Release|Any CPU.ActiveCfg = Release|Any CPU
		{B1040CF5-B550-4B99-9D42-1765B71CD37C}.Release|Any CPU.Build.0 = Release|Any CPU
		{39E76152-4319-4DA8-B854-55F77BBB32C4}.Debug|Any CPU.ActiveCfg = Debug|Any CPU
		{39E76152-4319-4DA8-B854-55F77BBB32C4}.Debug|Any CPU.Build.0 = Debug|Any CPU
		{39E76152-4319-4DA8-B854-55F77BBB32C4}.Release|Any CPU.ActiveCfg = Release|Any CPU
		{39E76152-4319-4DA8-B854-55F77BBB32C4}.Release|Any CPU.Build.0 = Release|Any CPU
		{5610C1DE-03B4-430B-B50A-5F8C5C4158EC}.Debug|Any CPU.ActiveCfg = Debug|Any CPU
		{5610C1DE-03B4-430B-B50A-5F8C5C4158EC}.Debug|Any CPU.Build.0 = Debug|Any CPU
		{5610C1DE-03B4-430B-B50A-5F8C5C4158EC}.Release|Any CPU.ActiveCfg = Release|Any CPU
		{5610C1DE-03B4-430B-B50A-5F8C5C4158EC}.Release|Any CPU.Build.0 = Release|Any CPU
	EndGlobalSection
	GlobalSection(SolutionProperties) = preSolution
		HideSolutionNode = FALSE
	EndGlobalSection
	GlobalSection(ExtensibilityGlobals) = postSolution
		SolutionGuid = {6466EE58-0B35-49C1-8041-BA475DEC876B}
	EndGlobalSection
EndGlobal
